
Microsoft Visual Studio Solution File, Format Version 12.00
# Visual Studio Version 16
VisualStudioVersion = 16.0.30523.141
MinimumVisualStudioVersion = 10.0.40219.1
Project("{9A19103F-16F7-4668-BE54-9A1E7A4F7556}") = "NbSites.Web", "NbSites.Web\NbSites.Web.csproj", "{EDA7723C-953F-4997-ACCE-E8A1029451A3}"
EndProject
Project("{2150E333-8FDC-42A3-9474-1A3956D46DE8}") = "01 doc", "01 doc", "{314E77F7-8AAF-4B7A-BC7E-46A970E1D8DC}"
	ProjectSection(SolutionItems) = preProject
		..\note.md = ..\note.md
		..\orchardcore.md = ..\orchardcore.md
		..\readme.md = ..\readme.md
	EndProjectSection
EndProject
Project("{9A19103F-16F7-4668-BE54-9A1E7A4F7556}") = "NbSites.Core", "NbSites.Core\NbSites.Core.csproj", "{EB37B5F9-24B8-44EE-8E89-03C58026B37F}"
EndProject
Project("{2150E333-8FDC-42A3-9474-1A3956D46DE8}") = "Modules", "Modules", "{B4770611-9E1C-467B-B05E-BB117E1038F6}"
EndProject
Project("{9A19103F-16F7-4668-BE54-9A1E7A4F7556}") = "NbSites.ApiDoc", "NbSites.ApiDoc\NbSites.ApiDoc.csproj", "{6F4DC688-5CCD-4743-BE2F-52A9B492F3E4}"
EndProject
Project("{2150E333-8FDC-42A3-9474-1A3956D46DE8}") = "Core", "Core", "{32765A59-3918-4C2D-8119-692829657E56}"
EndProject
Project("{9A19103F-16F7-4668-BE54-9A1E7A4F7556}") = "Common", "Common\Common.csproj", "{81578A19-B5E9-467E-9639-BDF31D9DAB8C}"
EndProject
Project("{9A19103F-16F7-4668-BE54-9A1E7A4F7556}") = "NbSites.Base", "NbSites.Base\NbSites.Base.csproj", "{A0E2E367-846E-4E52-9473-75C0F63A7453}"
EndProject
Project("{9A19103F-16F7-4668-BE54-9A1E7A4F7556}") = "NbSites.Migrations", "NbSites.Migrations\NbSites.Migrations.csproj", "{8B18F6E4-1747-46F0-9D3D-3AFA0BD49B65}"
EndProject
Project("{9A19103F-16F7-4668-BE54-9A1E7A4F7556}") = "NbSites.App.Portal", "NbSites.App.Portal\NbSites.App.Portal.csproj", "{B386EC71-B2BF-47D8-8E18-5935EE2EBA23}"
EndProject
Project("{2150E333-8FDC-42A3-9474-1A3956D46DE8}") = "Migrations", "Migrations", "{209091F1-3997-4E4E-8571-92064829457B}"
EndProject
Project("{9A19103F-16F7-4668-BE54-9A1E7A4F7556}") = "NbSites.Jobs", "NbSites.Jobs\NbSites.Jobs.csproj", "{C3050D99-EED4-474B-87BF-866AC1521D14}"
EndProject
Project("{2150E333-8FDC-42A3-9474-1A3956D46DE8}") = "02 build", "02 build", "{13B00695-D365-433F-96BB-BE0895958262}"
	ProjectSection(SolutionItems) = preProject
		..\build\build_linux_x64.bat = ..\build\build_linux_x64.bat
		..\build\build_win_x64.bat = ..\build\build_win_x64.bat
		..\build\ci_run_unit_test.bat = ..\build\ci_run_unit_test.bat
		..\build\ci_update_nuget_cache.bat = ..\build\ci_update_nuget_cache.bat
		nuget.config = nuget.config
	EndProjectSection
EndProject
Project("{9A19103F-16F7-4668-BE54-9A1E7A4F7556}") = "NbSites.VersionInfos", "NbSites.VersionInfos\NbSites.VersionInfos.csproj", "{591364A5-54F6-43FC-A22E-CF2E843F3A7C}"
EndProject
Global
	GlobalSection(SolutionConfigurationPlatforms) = preSolution
		Debug|Any CPU = Debug|Any CPU
		Release|Any CPU = Release|Any CPU
	EndGlobalSection
	GlobalSection(ProjectConfigurationPlatforms) = postSolution
		{EDA7723C-953F-4997-ACCE-E8A1029451A3}.Debug|Any CPU.ActiveCfg = Debug|Any CPU
		{EDA7723C-953F-4997-ACCE-E8A1029451A3}.Debug|Any CPU.Build.0 = Debug|Any CPU
		{EDA7723C-953F-4997-ACCE-E8A1029451A3}.Release|Any CPU.ActiveCfg = Release|Any CPU
		{EDA7723C-953F-4997-ACCE-E8A1029451A3}.Release|Any CPU.Build.0 = Release|Any CPU
		{EB37B5F9-24B8-44EE-8E89-03C58026B37F}.Debug|Any CPU.ActiveCfg = Debug|Any CPU
		{EB37B5F9-24B8-44EE-8E89-03C58026B37F}.Debug|Any CPU.Build.0 = Debug|Any CPU
		{EB37B5F9-24B8-44EE-8E89-03C58026B37F}.Release|Any CPU.ActiveCfg = Release|Any CPU
		{EB37B5F9-24B8-44EE-8E89-03C58026B37F}.Release|Any CPU.Build.0 = Release|Any CPU
		{6F4DC688-5CCD-4743-BE2F-52A9B492F3E4}.Debug|Any CPU.ActiveCfg = Debug|Any CPU
		{6F4DC688-5CCD-4743-BE2F-52A9B492F3E4}.Debug|Any CPU.Build.0 = Debug|Any CPU
		{6F4DC688-5CCD-4743-BE2F-52A9B492F3E4}.Release|Any CPU.ActiveCfg = Release|Any CPU
		{6F4DC688-5CCD-4743-BE2F-52A9B492F3E4}.Release|Any CPU.Build.0 = Release|Any CPU
		{81578A19-B5E9-467E-9639-BDF31D9DAB8C}.Debug|Any CPU.ActiveCfg = Debug|Any CPU
		{81578A19-B5E9-467E-9639-BDF31D9DAB8C}.Debug|Any CPU.Build.0 = Debug|Any CPU
		{81578A19-B5E9-467E-9639-BDF31D9DAB8C}.Release|Any CPU.ActiveCfg = Release|Any CPU
		{81578A19-B5E9-467E-9639-BDF31D9DAB8C}.Release|Any CPU.Build.0 = Release|Any CPU
		{A0E2E367-846E-4E52-9473-75C0F63A7453}.Debug|Any CPU.ActiveCfg = Debug|Any CPU
		{A0E2E367-846E-4E52-9473-75C0F63A7453}.Debug|Any CPU.Build.0 = Debug|Any CPU
		{A0E2E367-846E-4E52-9473-75C0F63A7453}.Release|Any CPU.ActiveCfg = Release|Any CPU
		{A0E2E367-846E-4E52-9473-75C0F63A7453}.Release|Any CPU.Build.0 = Release|Any CPU
		{8B18F6E4-1747-46F0-9D3D-3AFA0BD49B65}.Debug|Any CPU.ActiveCfg = Debug|Any CPU
		{8B18F6E4-1747-46F0-9D3D-3AFA0BD49B65}.Debug|Any CPU.Build.0 = Debug|Any CPU
		{8B18F6E4-1747-46F0-9D3D-3AFA0BD49B65}.Release|Any CPU.ActiveCfg = Release|Any CPU
		{8B18F6E4-1747-46F0-9D3D-3AFA0BD49B65}.Release|Any CPU.Build.0 = Release|Any CPU
		{B386EC71-B2BF-47D8-8E18-5935EE2EBA23}.Debug|Any CPU.ActiveCfg = Debug|Any CPU
		{B386EC71-B2BF-47D8-8E18-5935EE2EBA23}.Debug|Any CPU.Build.0 = Debug|Any CPU
		{B386EC71-B2BF-47D8-8E18-5935EE2EBA23}.Release|Any CPU.ActiveCfg = Release|Any CPU
		{B386EC71-B2BF-47D8-8E18-5935EE2EBA23}.Release|Any CPU.Build.0 = Release|Any CPU
		{C3050D99-EED4-474B-87BF-866AC1521D14}.Debug|Any CPU.ActiveCfg = Debug|Any CPU
		{C3050D99-EED4-474B-87BF-866AC1521D14}.Debug|Any CPU.Build.0 = Debug|Any CPU
		{C3050D99-EED4-474B-87BF-866AC1521D14}.Release|Any CPU.ActiveCfg = Release|Any CPU
		{C3050D99-EED4-474B-87BF-866AC1521D14}.Release|Any CPU.Build.0 = Release|Any CPU
		{591364A5-54F6-43FC-A22E-CF2E843F3A7C}.Debug|Any CPU.ActiveCfg = Debug|Any CPU
		{591364A5-54F6-43FC-A22E-CF2E843F3A7C}.Debug|Any CPU.Build.0 = Debug|Any CPU
		{591364A5-54F6-43FC-A22E-CF2E843F3A7C}.Release|Any CPU.ActiveCfg = Release|Any CPU
		{591364A5-54F6-43FC-A22E-CF2E843F3A7C}.Release|Any CPU.Build.0 = Release|Any CPU
	EndGlobalSection
	GlobalSection(SolutionProperties) = preSolution
		HideSolutionNode = FALSE
	EndGlobalSection
	GlobalSection(NestedProjects) = preSolution
		{EB37B5F9-24B8-44EE-8E89-03C58026B37F} = {32765A59-3918-4C2D-8119-692829657E56}
		{6F4DC688-5CCD-4743-BE2F-52A9B492F3E4} = {B4770611-9E1C-467B-B05E-BB117E1038F6}
		{81578A19-B5E9-467E-9639-BDF31D9DAB8C} = {32765A59-3918-4C2D-8119-692829657E56}
		{A0E2E367-846E-4E52-9473-75C0F63A7453} = {B4770611-9E1C-467B-B05E-BB117E1038F6}
		{8B18F6E4-1747-46F0-9D3D-3AFA0BD49B65} = {209091F1-3997-4E4E-8571-92064829457B}
		{B386EC71-B2BF-47D8-8E18-5935EE2EBA23} = {B4770611-9E1C-467B-B05E-BB117E1038F6}
		{C3050D99-EED4-474B-87BF-866AC1521D14} = {B4770611-9E1C-467B-B05E-BB117E1038F6}
		{591364A5-54F6-43FC-A22E-CF2E843F3A7C} = {32765A59-3918-4C2D-8119-692829657E56}
	EndGlobalSection
	GlobalSection(ExtensibilityGlobals) = postSolution
		SolutionGuid = {27FBA4EE-4F74-4E91-BD9C-7C13B151923A}
	EndGlobalSection
EndGlobal
